
Microsoft Visual Studio Solution File, Format Version 12.00
# Visual Studio 15
Project("{2150E333-8FDC-42A3-9474-1A3956D46DE8}") = "WebServices", "WebServices", "{2AC0F0B5-1DF1-4B17-A639-3E2221A10CDC}"
EndProject
Project("{FAE04EC0-301F-11D3-BF4B-00C04F79EFBC}") = "MT-NETStd-Data", "MT-NETCore-Data\MT-NETStd-Data.csproj", "{F5CD277B-C674-4279-872A-BB7C8BF6DD63}"
EndProject
Global
	GlobalSection(SolutionConfigurationPlatforms) = preSolution
		Debug|Any CPU = Debug|Any CPU
		Release|Any CPU = Release|Any CPU
	EndGlobalSection
	GlobalSection(ProjectConfigurationPlatforms) = postSolution
		{F5CD277B-C674-4279-872A-BB7C8BF6DD63}.Debug|Any CPU.ActiveCfg = Debug|Any CPU
		{F5CD277B-C674-4279-872A-BB7C8BF6DD63}.Debug|Any CPU.Build.0 = Debug|Any CPU
		{F5CD277B-C674-4279-872A-BB7C8BF6DD63}.Release|Any CPU.ActiveCfg = Release|Any CPU
		{F5CD277B-C674-4279-872A-BB7C8BF6DD63}.Release|Any CPU.Build.0 = Release|Any CPU
	EndGlobalSection
	GlobalSection(NestedProjects) = preSolution
		{F5CD277B-C674-4279-872A-BB7C8BF6DD63} = {2AC0F0B5-1DF1-4B17-A639-3E2221A10CDC}
	EndGlobalSection
EndGlobal
